
Microsoft Visual Studio Solution File, Format Version 12.00
# Visual Studio Version 17
VisualStudioVersion = 17.8.34330.188
MinimumVisualStudioVersion = 10.0.40219.1
Project("{FAE04EC0-301F-11D3-BF4B-00C04F79EFBC}") = "OtelRezarvasyon", "OtelRezarvasyon\OtelRezarvasyon.csproj", "{838D91AB-5A55-4F21-9BE8-BBC7B61BFD13}"
EndProject
Global
	GlobalSection(SolutionConfigurationPlatforms) = preSolution
		Debug|Any CPU = Debug|Any CPU
		Release|Any CPU = Release|Any CPU
	EndGlobalSection
	GlobalSection(ProjectConfigurationPlatforms) = postSolution
		{838D91AB-5A55-4F21-9BE8-BBC7B61BFD13}.Debug|Any CPU.ActiveCfg = Debug|Any CPU
		{838D91AB-5A55-4F21-9BE8-BBC7B61BFD13}.Debug|Any CPU.Build.0 = Debug|Any CPU
		{838D91AB-5A55-4F21-9BE8-BBC7B61BFD13}.Release|Any CPU.ActiveCfg = Release|Any CPU
		{838D91AB-5A55-4F21-9BE8-BBC7B61BFD13}.Release|Any CPU.Build.0 = Release|Any CPU
	EndGlobalSection
	GlobalSection(SolutionProperties) = preSolution
		HideSolutionNode = FALSE
	EndGlobalSection
	GlobalSection(ExtensibilityGlobals) = postSolution
		SolutionGuid = {B5C56C89-E884-4C67-A1E6-9681E5F47A7C}
	EndGlobalSection
EndGlobal
